
Microsoft Visual Studio Solution File, Format Version 12.00
# Visual Studio Version 17
VisualStudioVersion = 17.3.32929.385
MinimumVisualStudioVersion = 10.0.40219.1
Project("{FAE04EC0-301F-11D3-BF4B-00C04F79EFBC}") = "ClassTeacher Assist", "ClassTeacher Assist.csproj", "{2428820C-B8C9-403D-B1D8-B71E9BFB3EC0}"
EndProject
Global
	GlobalSection(SolutionConfigurationPlatforms) = preSolution
		Debug|Any CPU = Debug|Any CPU
		Release|Any CPU = Release|Any CPU
	EndGlobalSection
	GlobalSection(ProjectConfigurationPlatforms) = postSolution
		{2428820C-B8C9-403D-B1D8-B71E9BFB3EC0}.Debug|Any CPU.ActiveCfg = Debug|Any CPU
		{2428820C-B8C9-403D-B1D8-B71E9BFB3EC0}.Debug|Any CPU.Build.0 = Debug|Any CPU
		{2428820C-B8C9-403D-B1D8-B71E9BFB3EC0}.Release|Any CPU.ActiveCfg = Release|Any CPU
		{2428820C-B8C9-403D-B1D8-B71E9BFB3EC0}.Release|Any CPU.Build.0 = Release|Any CPU
	EndGlobalSection
	GlobalSection(SolutionProperties) = preSolution
		HideSolutionNode = FALSE
	EndGlobalSection
	GlobalSection(ExtensibilityGlobals) = postSolution
		SolutionGuid = {73D80F2E-2393-4F0A-A5C6-1DCDE41B0670}
	EndGlobalSection
EndGlobal
